
Microsoft Visual Studio Solution File, Format Version 12.00
# Visual Studio Version 17
VisualStudioVersion = 17.11.35208.52
MinimumVisualStudioVersion = 10.0.40219.1
Project("{FAE04EC0-301F-11D3-BF4B-00C04F79EFBC}") = "Word Guessing Game", "Word Guessing Game\Word Guessing Game.csproj", "{5C318426-7692-4AE6-B09C-BFAB210DA885}"
EndProject
Global
	GlobalSection(SolutionConfigurationPlatforms) = preSolution
		Debug|Any CPU = Debug|Any CPU
		Release|Any CPU = Release|Any CPU
	EndGlobalSection
	GlobalSection(ProjectConfigurationPlatforms) = postSolution
		{5C318426-7692-4AE6-B09C-BFAB210DA885}.Debug|Any CPU.ActiveCfg = Debug|Any CPU
		{5C318426-7692-4AE6-B09C-BFAB210DA885}.Debug|Any CPU.Build.0 = Debug|Any CPU
		{5C318426-7692-4AE6-B09C-BFAB210DA885}.Release|Any CPU.ActiveCfg = Release|Any CPU
		{5C318426-7692-4AE6-B09C-BFAB210DA885}.Release|Any CPU.Build.0 = Release|Any CPU
	EndGlobalSection
	GlobalSection(SolutionProperties) = preSolution
		HideSolutionNode = FALSE
	EndGlobalSection
	GlobalSection(ExtensibilityGlobals) = postSolution
		SolutionGuid = {80D76681-085E-463F-B5D2-2D1602816D3A}
	EndGlobalSection
EndGlobal
